
Microsoft Visual Studio Solution File, Format Version 12.00
# Visual Studio 15
VisualStudioVersion = 15.0.26430.12
MinimumVisualStudioVersion = 10.0.40219.1
Project("{FAE04EC0-301F-11D3-BF4B-00C04F79EFBC}") = "TheGUI", "TheGUI\TheGUI.csproj", "{2A1677D6-79CE-4842-A3EE-B74C22BA12DF}"
EndProject
Project("{FAE04EC0-301F-11D3-BF4B-00C04F79EFBC}") = "AIWarLib", "AIWarLib\AIWarLib.csproj", "{3764FB94-BCFA-4A2B-9BD9-8A5ECEF51ADA}"
EndProject
Global
	GlobalSection(SolutionConfigurationPlatforms) = preSolution
		Debug|Any CPU = Debug|Any CPU
		Debug|ARM = Debug|ARM
		Debug|x64 = Debug|x64
		Debug|x86 = Debug|x86
		Release|Any CPU = Release|Any CPU
		Release|ARM = Release|ARM
		Release|x64 = Release|x64
		Release|x86 = Release|x86
	EndGlobalSection
	GlobalSection(ProjectConfigurationPlatforms) = postSolution
		{2A1677D6-79CE-4842-A3EE-B74C22BA12DF}.Debug|Any CPU.ActiveCfg = Debug|Any CPU
		{2A1677D6-79CE-4842-A3EE-B74C22BA12DF}.Debug|Any CPU.Build.0 = Debug|Any CPU
		{2A1677D6-79CE-4842-A3EE-B74C22BA12DF}.Debug|ARM.ActiveCfg = Debug|Any CPU
		{2A1677D6-79CE-4842-A3EE-B74C22BA12DF}.Debug|ARM.Build.0 = Debug|Any CPU
		{2A1677D6-79CE-4842-A3EE-B74C22BA12DF}.Debug|x64.ActiveCfg = Debug|Any CPU
		{2A1677D6-79CE-4842-A3EE-B74C22BA12DF}.Debug|x64.Build.0 = Debug|Any CPU
		{2A1677D6-79CE-4842-A3EE-B74C22BA12DF}.Debug|x86.ActiveCfg = Debug|Any CPU
		{2A1677D6-79CE-4842-A3EE-B74C22BA12DF}.Debug|x86.Build.0 = Debug|Any CPU
		{2A1677D6-79CE-4842-A3EE-B74C22BA12DF}.Release|Any CPU.ActiveCfg = Release|Any CPU
		{2A1677D6-79CE-4842-A3EE-B74C22BA12DF}.Release|Any CPU.Build.0 = Release|Any CPU
		{2A1677D6-79CE-4842-A3EE-B74C22BA12DF}.Release|ARM.ActiveCfg = Release|Any CPU
		{2A1677D6-79CE-4842-A3EE-B74C22BA12DF}.Release|ARM.Build.0 = Release|Any CPU
		{2A1677D6-79CE-4842-A3EE-B74C22BA12DF}.Release|x64.ActiveCfg = Release|Any CPU
		{2A1677D6-79CE-4842-A3EE-B74C22BA12DF}.Release|x64.Build.0 = Release|Any CPU
		{2A1677D6-79CE-4842-A3EE-B74C22BA12DF}.Release|x86.ActiveCfg = Release|Any CPU
		{2A1677D6-79CE-4842-A3EE-B74C22BA12DF}.Release|x86.Build.0 = Release|Any CPU
		{3764FB94-BCFA-4A2B-9BD9-8A5ECEF51ADA}.Debug|Any CPU.ActiveCfg = Debug|Any CPU
		{3764FB94-BCFA-4A2B-9BD9-8A5ECEF51ADA}.Debug|Any CPU.Build.0 = Debug|Any CPU
		{3764FB94-BCFA-4A2B-9BD9-8A5ECEF51ADA}.Debug|ARM.ActiveCfg = Debug|Any CPU
		{3764FB94-BCFA-4A2B-9BD9-8A5ECEF51ADA}.Debug|ARM.Build.0 = Debug|Any CPU
		{3764FB94-BCFA-4A2B-9BD9-8A5ECEF51ADA}.Debug|x64.ActiveCfg = Debug|Any CPU
		{3764FB94-BCFA-4A2B-9BD9-8A5ECEF51ADA}.Debug|x64.Build.0 = Debug|Any CPU
		{3764FB94-BCFA-4A2B-9BD9-8A5ECEF51ADA}.Debug|x86.ActiveCfg = Debug|Any CPU
		{3764FB94-BCFA-4A2B-9BD9-8A5ECEF51ADA}.Debug|x86.Build.0 = Debug|Any CPU
		{3764FB94-BCFA-4A2B-9BD9-8A5ECEF51ADA}.Release|Any CPU.ActiveCfg = Release|Any CPU
		{3764FB94-BCFA-4A2B-9BD9-8A5ECEF51ADA}.Release|Any CPU.Build.0 = Release|Any CPU
		{3764FB94-BCFA-4A2B-9BD9-8A5ECEF51ADA}.Release|ARM.ActiveCfg = Release|Any CPU
		{3764FB94-BCFA-4A2B-9BD9-8A5ECEF51ADA}.Release|ARM.Build.0 = Release|Any CPU
		{3764FB94-BCFA-4A2B-9BD9-8A5ECEF51ADA}.Release|x64.ActiveCfg = Release|Any CPU
		{3764FB94-BCFA-4A2B-9BD9-8A5ECEF51ADA}.Release|x64.Build.0 = Release|Any CPU
		{3764FB94-BCFA-4A2B-9BD9-8A5ECEF51ADA}.Release|x86.ActiveCfg = Release|Any CPU
		{3764FB94-BCFA-4A2B-9BD9-8A5ECEF51ADA}.Release|x86.Build.0 = Release|Any CPU
	EndGlobalSection
	GlobalSection(SolutionProperties) = preSolution
		HideSolutionNode = FALSE
	EndGlobalSection
EndGlobal
